{
  "projects": [
    {
      "projectId": "6DJkPmHY5SLmKWFpAEwtam",
      "version": "latest",
      "dependencies": {},
      "lang": "ts",
      "fileLocks": [
        {
          "type": "globalVariant",
          "assetId": "OliKqJIvB6LTf",
          "checksum": "6a4c950566a9b940d5884a0bc458d1e1"
        },
        {
          "type": "renderModule",
          "assetId": "DcfhispnNPca",
          "checksum": "a4197de052783c83fc0cde44ba1855c8"
        },
        {
          "type": "cssRules",
          "assetId": "DcfhispnNPca",
          "checksum": "a4197de052783c83fc0cde44ba1855c8"
        },
        {
          "type": "renderModule",
          "assetId": "r425P0ihH9",
          "checksum": "9545f1414f947c4b9bfbebf5fd658b48"
        },
        {
          "type": "cssRules",
          "assetId": "r425P0ihH9",
          "checksum": "9545f1414f947c4b9bfbebf5fd658b48"
        },
        {
          "type": "renderModule",
          "assetId": "lcgmPEWIbZ9",
          "checksum": "477d6fc5234de393ded43cbf0fcc5356"
        },
        {
          "type": "cssRules",
          "assetId": "lcgmPEWIbZ9",
          "checksum": "477d6fc5234de393ded43cbf0fcc5356"
        },
        {
          "type": "icon",
          "assetId": "F6EIEztEldC",
          "checksum": "edebab4c29d46a88c40413b73cfe1588"
        },
        {
          "type": "icon",
          "assetId": "WmT0SVOtYXf",
          "checksum": "2f2a7ba69b4db22d4e560c939500573f"
        },
        {
          "type": "renderModule",
          "assetId": "ECwaKqIb53",
          "checksum": "f978700a21d034dfebfd2e4c8ee6358c"
        },
        {
          "type": "cssRules",
          "assetId": "ECwaKqIb53",
          "checksum": "f978700a21d034dfebfd2e4c8ee6358c"
        },
        {
          "type": "renderModule",
          "assetId": "mgwt4yM0UJ",
          "checksum": "a2863da79ddd24c27e6b2ec4798b312b"
        },
        {
          "type": "cssRules",
          "assetId": "mgwt4yM0UJ",
          "checksum": "a2863da79ddd24c27e6b2ec4798b312b"
        },
        {
          "type": "renderModule",
          "assetId": "jn-EEM2fs2",
          "checksum": "157baebaaca08a085ec47195ac2c7511"
        },
        {
          "type": "cssRules",
          "assetId": "jn-EEM2fs2",
          "checksum": "157baebaaca08a085ec47195ac2c7511"
        },
        {
          "type": "renderModule",
          "assetId": "I_rUXdtei71",
          "checksum": "6b4974b0b0ab4fcb809bfcc6f5984bd8"
        },
        {
          "type": "cssRules",
          "assetId": "I_rUXdtei71",
          "checksum": "6b4974b0b0ab4fcb809bfcc6f5984bd8"
        },
        {
          "type": "icon",
          "assetId": "B02IfxOijYJ",
          "checksum": "216d82f15530ff44210b4c84a9577537"
        },
        {
          "type": "icon",
          "assetId": "y0YzrCuui",
          "checksum": "976f25e9544135367fec37cf1e168e31"
        },
        {
          "type": "icon",
          "assetId": "IETgYjRwR",
          "checksum": "2c0a8455c30711030c561b5b415fb800"
        },
        {
          "type": "renderModule",
          "assetId": "3zcBqqIDwE",
          "checksum": "ed3972011f329a136656c91767bd441b"
        },
        {
          "type": "cssRules",
          "assetId": "3zcBqqIDwE",
          "checksum": "ed3972011f329a136656c91767bd441b"
        },
        {
          "type": "renderModule",
          "assetId": "On4mLNNx3a",
          "checksum": "1e764bfd7b9b70539c9759e2ccfa481d"
        },
        {
          "type": "cssRules",
          "assetId": "On4mLNNx3a",
          "checksum": "1e764bfd7b9b70539c9759e2ccfa481d"
        },
        {
          "type": "renderModule",
          "assetId": "q90B5ozMzC",
          "checksum": "82956ae6949e29f8945ce0dbae319343"
        },
        {
          "type": "cssRules",
          "assetId": "q90B5ozMzC",
          "checksum": "82956ae6949e29f8945ce0dbae319343"
        },
        {
          "type": "renderModule",
          "assetId": "T7ydlGAjdN",
          "checksum": "3c1a469b3be4f29a20da911b7a0844ae"
        },
        {
          "type": "cssRules",
          "assetId": "T7ydlGAjdN",
          "checksum": "3c1a469b3be4f29a20da911b7a0844ae"
        },
        {
          "type": "renderModule",
          "assetId": "Y-3HcglXLQ",
          "checksum": "f10536004c43a4694cd0ac1b0d66f30f"
        },
        {
          "type": "cssRules",
          "assetId": "Y-3HcglXLQ",
          "checksum": "f10536004c43a4694cd0ac1b0d66f30f"
        },
        {
          "type": "renderModule",
          "assetId": "61OiGHIuWZ",
          "checksum": "c58736b172b0d8cbd234bea06a832029"
        },
        {
          "type": "cssRules",
          "assetId": "61OiGHIuWZ",
          "checksum": "c58736b172b0d8cbd234bea06a832029"
        },
        {
          "type": "renderModule",
          "assetId": "PlKHEsKkAn",
          "checksum": "24614b11c14df995d63dfaf98609d37d"
        },
        {
          "type": "cssRules",
          "assetId": "PlKHEsKkAn",
          "checksum": "24614b11c14df995d63dfaf98609d37d"
        },
        {
          "type": "renderModule",
          "assetId": "pLqN3qyNoA",
          "checksum": "7f77dafe06a24dc3b44864622235e3fe"
        },
        {
          "type": "cssRules",
          "assetId": "pLqN3qyNoA",
          "checksum": "7f77dafe06a24dc3b44864622235e3fe"
        },
        {
          "type": "renderModule",
          "assetId": "55kQxCDXqj",
          "checksum": "a3aba691f29c4b8a336d68645d93dabf"
        },
        {
          "type": "cssRules",
          "assetId": "55kQxCDXqj",
          "checksum": "a3aba691f29c4b8a336d68645d93dabf"
        },
        {
          "type": "renderModule",
          "assetId": "9xuliDXofB",
          "checksum": "6fd923c7f46698eef6e04315285fda2a"
        },
        {
          "type": "cssRules",
          "assetId": "9xuliDXofB",
          "checksum": "6fd923c7f46698eef6e04315285fda2a"
        },
        {
          "type": "renderModule",
          "assetId": "lZJgYgKoU6i",
          "checksum": "23c5f7c4cf71f357c5261eb950f082c3"
        },
        {
          "type": "cssRules",
          "assetId": "lZJgYgKoU6i",
          "checksum": "23c5f7c4cf71f357c5261eb950f082c3"
        },
        {
          "assetId": "6DJkPmHY5SLmKWFpAEwtam",
          "type": "projectCss",
          "checksum": "79a122b988f16edaf219d1618703ed20"
        }
      ],
      "codegenVersion": "0.0.1"
    }
  ],
  "cliVersion": "0.1.186"
}
